{
  "version": 4,
  "terraform_version": "1.14.8",
  "serial": 96,
  "lineage": "a95a74f2-85a7-60da-742f-89bd11a8efa1",
  "outputs": {},
  "resources": [
    {
      "mode": "managed",
      "type": "azurerm_resource_group",
      "name": "raph-rg",
      "provider": "provider[\"registry.terraform.io/hashicorp/azurerm\"]",
      "instances": [
        {
          "schema_version": 0,
          "attributes": {
            "id": "/subscriptions/e5d7725b-892b-4f4f-99a1-eaad2477ddd4/resourceGroups/demo-DEV-RG",
            "location": "germanywestcentral",
            "managed_by": "",
            "name": "demo-DEV-RG",
            "tags": {
              "environment": "dev",
              "project": "demo"
            },
            "timeouts": null
          },
          "sensitive_attributes": [],
          "identity_schema_version": 0,
          "private": "eyJlMmJmYjczMC1lY2FhLTExZTYtOGY4OC0zNDM2M2JjN2M0YzAiOnsiY3JlYXRlIjo1NDAwMDAwMDAwMDAwLCJkZWxldGUiOjU0MDAwMDAwMDAwMDAsInJlYWQiOjMwMDAwMDAwMDAwMCwidXBkYXRlIjo1NDAwMDAwMDAwMDAwfX0="
        }
      ]
    },
    {
      "mode": "managed",
      "type": "azurerm_virtual_network",
      "name": "raph-vnet",
      "provider": "provider[\"registry.terraform.io/hashicorp/azurerm\"]",
      "instances": [
        {
          "schema_version": 0,
          "attributes": {
            "address_space": [
              "10.0.0.0/16"
            ],
            "bgp_community": "",
            "ddos_protection_plan": [],
            "dns_servers": [],
            "edge_zone": "",
            "encryption": [],
            "flow_timeout_in_minutes": 0,
            "guid": "9aab2927-abe6-4b50-a851-72710ca47cdf",
            "id": "/subscriptions/e5d7725b-892b-4f4f-99a1-eaad2477ddd4/resourceGroups/demo-DEV-RG/providers/Microsoft.Network/virtualNetworks/demo-dev-VNET",
            "ip_address_pool": [],
            "location": "germanywestcentral",
            "name": "demo-dev-VNET",
            "private_endpoint_vnet_policies": "Disabled",
            "resource_group_name": "demo-DEV-RG",
            "subnet": [],
            "tags": {
              "environment": "dev",
              "project": "demo"
            },
            "timeouts": null
          },
          "sensitive_attributes": [],
          "identity_schema_version": 0,
          "identity": {
            "name": "demo-dev-VNET",
            "resource_group_name": "demo-DEV-RG",
            "subscription_id": "e5d7725b-892b-4f4f-99a1-eaad2477ddd4"
          },
          "private": "eyJlMmJmYjczMC1lY2FhLTExZTYtOGY4OC0zNDM2M2JjN2M0YzAiOnsiY3JlYXRlIjoxODAwMDAwMDAwMDAwLCJkZWxldGUiOjE4MDAwMDAwMDAwMDAsInJlYWQiOjMwMDAwMDAwMDAwMCwidXBkYXRlIjoxODAwMDAwMDAwMDAwfX0=",
          "dependencies": [
            "azurerm_resource_group.raph-rg"
          ]
        }
      ]
    }
  ],
  "check_results": null
}
