{
  "version": 4,
  "terraform_version": "1.14.8",
  "serial": 57,
  "lineage": "a95a74f2-85a7-60da-742f-89bd11a8efa1",
  "outputs": {},
  "resources": [
    {
      "mode": "managed",
      "type": "azurerm_app_service",
      "name": "raph-app-service",
      "provider": "provider[\"registry.terraform.io/hashicorp/azurerm\"]",
      "instances": [
        {
          "schema_version": 0,
          "attributes": {
            "app_service_plan_id": "/subscriptions/e5d7725b-892b-4f4f-99a1-eaad2477ddd4/resourceGroups/terraform-webapp-raph/providers/Microsoft.Web/serverFarms/raph-app-service-plan",
            "app_settings": {
              "WEBSITE_NODE_DEFAULT_VERSION": "6.9.1"
            },
            "auth_settings": [
              {
                "active_directory": [],
                "additional_login_params": {},
                "allowed_external_redirect_urls": [],
                "default_provider": "",
                "enabled": false,
                "facebook": [],
                "google": [],
                "issuer": "",
                "microsoft": [],
                "runtime_version": "",
                "token_refresh_extension_hours": 0,
                "token_store_enabled": false,
                "twitter": [],
                "unauthenticated_client_action": ""
              }
            ],
            "backup": [],
            "client_affinity_enabled": false,
            "client_cert_enabled": false,
            "client_cert_mode": "Required",
            "connection_string": [],
            "custom_domain_verification_id": "91A7C32CF0CDF643F1684DFDA55259055C516BE0011DDDDB126B0C0F4B9F757A",
            "default_site_hostname": "raph-app-service.azurewebsites.net",
            "enabled": true,
            "https_only": false,
            "id": "/subscriptions/e5d7725b-892b-4f4f-99a1-eaad2477ddd4/resourceGroups/terraform-webapp-raph/providers/Microsoft.Web/sites/raph-app-service",
            "identity": [],
            "key_vault_reference_identity_id": "SystemAssigned",
            "location": "germanywestcentral",
            "logs": [
              {
                "application_logs": [
                  {
                    "azure_blob_storage": [],
                    "file_system_level": "Off"
                  }
                ],
                "detailed_error_messages_enabled": false,
                "failed_request_tracing_enabled": false,
                "http_logs": [
                  {
                    "azure_blob_storage": [],
                    "file_system": []
                  }
                ]
              }
            ],
            "name": "raph-app-service",
            "outbound_ip_address_list": [
              "51.116.133.58",
              "51.116.133.72",
              "51.116.133.56",
              "51.116.133.79",
              "51.116.133.65",
              "51.116.128.176",
              "51.116.145.33"
            ],
            "outbound_ip_addresses": "51.116.133.58,51.116.133.72,51.116.133.56,51.116.133.79,51.116.133.65,51.116.128.176,51.116.145.33",
            "possible_outbound_ip_address_list": [
              "51.116.133.58",
              "51.116.133.72",
              "51.116.133.56",
              "51.116.133.79",
              "51.116.133.65",
              "51.116.128.176",
              "72.144.185.108",
              "51.116.133.66",
              "51.116.131.230",
              "51.116.133.67",
              "51.116.133.68",
              "51.116.133.69",
              "51.116.133.70",
              "20.79.67.222",
              "20.79.68.76",
              "20.79.69.31",
              "20.79.69.123",
              "20.79.69.154",
              "20.79.70.32",
              "20.79.70.76",
              "20.79.68.155",
              "20.79.70.102",
              "20.79.70.171",
              "20.79.70.172",
              "20.79.70.241",
              "51.116.133.71",
              "51.116.133.80",
              "51.116.133.81",
              "20.52.200.114",
              "20.52.200.124",
              "20.52.200.155",
              "51.116.145.33"
            ],
            "possible_outbound_ip_addresses": "51.116.133.58,51.116.133.72,51.116.133.56,51.116.133.79,51.116.133.65,51.116.128.176,72.144.185.108,51.116.133.66,51.116.131.230,51.116.133.67,51.116.133.68,51.116.133.69,51.116.133.70,20.79.67.222,20.79.68.76,20.79.69.31,20.79.69.123,20.79.69.154,20.79.70.32,20.79.70.76,20.79.68.155,20.79.70.102,20.79.70.171,20.79.70.172,20.79.70.241,51.116.133.71,51.116.133.80,51.116.133.81,20.52.200.114,20.52.200.124,20.52.200.155,51.116.145.33",
            "resource_group_name": "terraform-webapp-raph",
            "site_config": [
              {
                "acr_use_managed_identity_credentials": false,
                "acr_user_managed_identity_client_id": "",
                "always_on": false,
                "app_command_line": "",
                "auto_swap_slot_name": "",
                "cors": [
                  {
                    "allowed_origins": [],
                    "support_credentials": false
                  }
                ],
                "default_documents": null,
                "dotnet_framework_version": "v4.0",
                "ftps_state": "FtpsOnly",
                "health_check_path": "",
                "http2_enabled": false,
                "ip_restriction": [],
                "java_container": "",
                "java_container_version": "",
                "java_version": "",
                "linux_fx_version": "",
                "local_mysql_enabled": false,
                "managed_pipeline_mode": "Integrated",
                "min_tls_version": "1.2",
                "number_of_workers": 1,
                "php_version": "",
                "python_version": "",
                "remote_debugging_enabled": false,
                "remote_debugging_version": "VS2022",
                "scm_ip_restriction": [],
                "scm_type": "None",
                "scm_use_main_ip_restriction": false,
                "use_32_bit_worker_process": false,
                "vnet_route_all_enabled": false,
                "websockets_enabled": false,
                "windows_fx_version": ""
              }
            ],
            "site_credential": [
              {
                "password": "60W6EWmQhGAp9caDpu2Jtxqr70qXovuxMahN4AQuC5aiKjETQuD6lJMhSp8r",
                "username": "$raph-app-service"
              }
            ],
            "source_control": [
              {
                "branch": "main",
                "manual_integration": false,
                "repo_url": "",
                "rollback_enabled": false,
                "use_mercurial": false
              }
            ],
            "storage_account": [],
            "tags": null,
            "timeouts": null
          },
          "sensitive_attributes": [],
          "identity_schema_version": 0,
          "private": "eyJlMmJmYjczMC1lY2FhLTExZTYtOGY4OC0zNDM2M2JjN2M0YzAiOnsiY3JlYXRlIjoxODAwMDAwMDAwMDAwLCJkZWxldGUiOjE4MDAwMDAwMDAwMDAsInJlYWQiOjMwMDAwMDAwMDAwMCwidXBkYXRlIjoxODAwMDAwMDAwMDAwfX0=",
          "dependencies": [
            "azurerm_app_service_plan.raph-app-service-plan",
            "azurerm_resource_group.raph-rg-td-webapp"
          ]
        }
      ]
    },
    {
      "mode": "managed",
      "type": "azurerm_app_service_plan",
      "name": "raph-app-service-plan",
      "provider": "provider[\"registry.terraform.io/hashicorp/azurerm\"]",
      "instances": [
        {
          "schema_version": 1,
          "attributes": {
            "app_service_environment_id": "",
            "id": "/subscriptions/e5d7725b-892b-4f4f-99a1-eaad2477ddd4/resourceGroups/terraform-webapp-raph/providers/Microsoft.Web/serverFarms/raph-app-service-plan",
            "is_xenon": false,
            "kind": "Windows",
            "location": "germanywestcentral",
            "maximum_elastic_worker_count": 1,
            "maximum_number_of_workers": 10,
            "name": "raph-app-service-plan",
            "per_site_scaling": false,
            "reserved": false,
            "resource_group_name": "terraform-webapp-raph",
            "sku": [
              {
                "capacity": 1,
                "size": "S1",
                "tier": "Standard"
              }
            ],
            "tags": null,
            "timeouts": null,
            "zone_redundant": false
          },
          "sensitive_attributes": [],
          "identity_schema_version": 0,
          "private": "eyJlMmJmYjczMC1lY2FhLTExZTYtOGY4OC0zNDM2M2JjN2M0YzAiOnsiY3JlYXRlIjozNjAwMDAwMDAwMDAwLCJkZWxldGUiOjM2MDAwMDAwMDAwMDAsInJlYWQiOjMwMDAwMDAwMDAwMCwidXBkYXRlIjozNjAwMDAwMDAwMDAwfSwic2NoZW1hX3ZlcnNpb24iOiIxIn0=",
          "dependencies": [
            "azurerm_resource_group.raph-rg-td-webapp"
          ]
        }
      ]
    },
    {
      "mode": "managed",
      "type": "azurerm_container_group",
      "name": "raph-windows-c-group",
      "provider": "provider[\"registry.terraform.io/hashicorp/azurerm\"]",
      "instances": [
        {
          "schema_version": 0,
          "attributes": {
            "container": [
              {
                "commands": [],
                "cpu": 0.5,
                "cpu_limit": 0,
                "environment_variables": {},
                "image": "nginx:latest",
                "liveness_probe": [],
                "memory": 1,
                "memory_limit": 0,
                "name": "nginx",
                "ports": [
                  {
                    "port": 80,
                    "protocol": "TCP"
                  }
                ],
                "readiness_probe": [],
                "secure_environment_variables": {},
                "security": [],
                "volume": []
              }
            ],
            "diagnostics": [],
            "dns_config": [],
            "dns_name_label": "",
            "dns_name_label_reuse_policy": "Unsecure",
            "exposed_port": [
              {
                "port": 80,
                "protocol": "TCP"
              }
            ],
            "fqdn": "",
            "id": "/subscriptions/e5d7725b-892b-4f4f-99a1-eaad2477ddd4/resourceGroups/terraform-webapp-raph/providers/Microsoft.ContainerInstance/containerGroups/raph-nginx-group",
            "identity": [],
            "image_registry_credential": [],
            "init_container": [],
            "ip_address": "4.182.83.166",
            "ip_address_type": "Public",
            "key_vault_key_id": null,
            "key_vault_user_assigned_identity_id": null,
            "location": "germanywestcentral",
            "name": "raph-nginx-group",
            "network_profile_id": null,
            "os_type": "Linux",
            "priority": "",
            "resource_group_name": "terraform-webapp-raph",
            "restart_policy": "Always",
            "sku": "Standard",
            "subnet_ids": [],
            "tags": {
              "environment": "staging"
            },
            "timeouts": null,
            "zones": []
          },
          "sensitive_attributes": [
            [
              {
                "type": "get_attr",
                "value": "container"
              },
              {
                "type": "index",
                "value": {
                  "value": 0,
                  "type": "number"
                }
              },
              {
                "type": "get_attr",
                "value": "secure_environment_variables"
              }
            ]
          ],
          "identity_schema_version": 0,
          "private": "eyJlMmJmYjczMC1lY2FhLTExZTYtOGY4OC0zNDM2M2JjN2M0YzAiOnsiY3JlYXRlIjozNjAwMDAwMDAwMDAwLCJkZWxldGUiOjE4MDAwMDAwMDAwMDAsInJlYWQiOjMwMDAwMDAwMDAwMCwidXBkYXRlIjoxODAwMDAwMDAwMDAwfX0=",
          "dependencies": [
            "azurerm_resource_group.raph-rg-td-webapp"
          ]
        }
      ]
    },
    {
      "mode": "managed",
      "type": "azurerm_resource_group",
      "name": "raph-rg-td-webapp",
      "provider": "provider[\"registry.terraform.io/hashicorp/azurerm\"]",
      "instances": [
        {
          "schema_version": 0,
          "attributes": {
            "id": "/subscriptions/e5d7725b-892b-4f4f-99a1-eaad2477ddd4/resourceGroups/terraform-webapp-raph",
            "location": "germanywestcentral",
            "managed_by": "",
            "name": "terraform-webapp-raph",
            "tags": {
              "test": "testTag"
            },
            "timeouts": null
          },
          "sensitive_attributes": [],
          "identity_schema_version": 0,
          "private": "eyJlMmJmYjczMC1lY2FhLTExZTYtOGY4OC0zNDM2M2JjN2M0YzAiOnsiY3JlYXRlIjo1NDAwMDAwMDAwMDAwLCJkZWxldGUiOjU0MDAwMDAwMDAwMDAsInJlYWQiOjMwMDAwMDAwMDAwMCwidXBkYXRlIjo1NDAwMDAwMDAwMDAwfX0="
        }
      ]
    },
    {
      "mode": "managed",
      "type": "azurerm_storage_account",
      "name": "raph-storage-account",
      "provider": "provider[\"registry.terraform.io/hashicorp/azurerm\"]",
      "instances": [
        {
          "schema_version": 4,
          "attributes": {
            "access_tier": "Hot",
            "account_kind": "StorageV2",
            "account_replication_type": "GRS",
            "account_tier": "Standard",
            "allow_nested_items_to_be_public": true,
            "allowed_copy_scope": "",
            "azure_files_authentication": [],
            "blob_properties": [
              {
                "change_feed_enabled": false,
                "change_feed_retention_in_days": 0,
                "container_delete_retention_policy": [],
                "cors_rule": [],
                "default_service_version": "",
                "delete_retention_policy": [],
                "last_access_time_enabled": false,
                "restore_policy": [],
                "versioning_enabled": false
              }
            ],
            "cross_tenant_replication_enabled": false,
            "custom_domain": [],
            "customer_managed_key": [],
            "default_to_oauth_authentication": false,
            "dns_endpoint_type": "Standard",
            "edge_zone": "",
            "https_traffic_only_enabled": true,
            "id": "/subscriptions/e5d7725b-892b-4f4f-99a1-eaad2477ddd4/resourceGroups/terraform-webapp-raph/providers/Microsoft.Storage/storageAccounts/raphstorageaccount",
            "identity": [],
            "immutability_policy": [],
            "infrastructure_encryption_enabled": false,
            "is_hns_enabled": false,
            "large_file_share_enabled": false,
            "local_user_enabled": true,
            "location": "germanywestcentral",
            "min_tls_version": "TLS1_2",
            "name": "raphstorageaccount",
            "network_rules": [],
            "nfsv3_enabled": false,
            "primary_access_key": "k1cVpeVvbCn7u+Q/uzUnOj5faaWWSn5pq9j3Eh/NCEbtRwEUJJl41UORw9yojPZBlLxJZvSAKy4K+ASt7CYp/Q==",
            "primary_blob_connection_string": "DefaultEndpointsProtocol=https;BlobEndpoint=https://raphstorageaccount.blob.core.windows.net/;AccountName=raphstorageaccount;AccountKey=k1cVpeVvbCn7u+Q/uzUnOj5faaWWSn5pq9j3Eh/NCEbtRwEUJJl41UORw9yojPZBlLxJZvSAKy4K+ASt7CYp/Q==",
            "primary_blob_endpoint": "https://raphstorageaccount.blob.core.windows.net/",
            "primary_blob_host": "raphstorageaccount.blob.core.windows.net",
            "primary_blob_internet_endpoint": "",
            "primary_blob_internet_host": "",
            "primary_blob_microsoft_endpoint": "",
            "primary_blob_microsoft_host": "",
            "primary_connection_string": "DefaultEndpointsProtocol=https;AccountName=raphstorageaccount;AccountKey=k1cVpeVvbCn7u+Q/uzUnOj5faaWWSn5pq9j3Eh/NCEbtRwEUJJl41UORw9yojPZBlLxJZvSAKy4K+ASt7CYp/Q==;EndpointSuffix=core.windows.net",
            "primary_dfs_endpoint": "https://raphstorageaccount.dfs.core.windows.net/",
            "primary_dfs_host": "raphstorageaccount.dfs.core.windows.net",
            "primary_dfs_internet_endpoint": "",
            "primary_dfs_internet_host": "",
            "primary_dfs_microsoft_endpoint": "",
            "primary_dfs_microsoft_host": "",
            "primary_file_endpoint": "https://raphstorageaccount.file.core.windows.net/",
            "primary_file_host": "raphstorageaccount.file.core.windows.net",
            "primary_file_internet_endpoint": "",
            "primary_file_internet_host": "",
            "primary_file_microsoft_endpoint": "",
            "primary_file_microsoft_host": "",
            "primary_location": "germanywestcentral",
            "primary_queue_endpoint": "https://raphstorageaccount.queue.core.windows.net/",
            "primary_queue_host": "raphstorageaccount.queue.core.windows.net",
            "primary_queue_microsoft_endpoint": "",
            "primary_queue_microsoft_host": "",
            "primary_table_endpoint": "https://raphstorageaccount.table.core.windows.net/",
            "primary_table_host": "raphstorageaccount.table.core.windows.net",
            "primary_table_microsoft_endpoint": "",
            "primary_table_microsoft_host": "",
            "primary_web_endpoint": "https://raphstorageaccount.z1.web.core.windows.net/",
            "primary_web_host": "raphstorageaccount.z1.web.core.windows.net",
            "primary_web_internet_endpoint": "",
            "primary_web_internet_host": "",
            "primary_web_microsoft_endpoint": "",
            "primary_web_microsoft_host": "",
            "provisioned_billing_model_version": "",
            "public_network_access_enabled": true,
            "queue_encryption_key_type": "Service",
            "queue_properties": [
              {
                "cors_rule": [],
                "hour_metrics": [
                  {
                    "enabled": false,
                    "include_apis": false,
                    "retention_policy_days": 0,
                    "version": "1.0"
                  }
                ],
                "logging": [
                  {
                    "delete": false,
                    "read": false,
                    "retention_policy_days": 0,
                    "version": "1.0",
                    "write": false
                  }
                ],
                "minute_metrics": [
                  {
                    "enabled": false,
                    "include_apis": false,
                    "retention_policy_days": 0,
                    "version": "1.0"
                  }
                ]
              }
            ],
            "resource_group_name": "terraform-webapp-raph",
            "routing": [],
            "sas_policy": [],
            "secondary_access_key": "SQjsrEOqaFh8nIPRQfIhsKRz913QKs11Y2ys9Bpree+vjv8CAgGm48S7cULuzerDpijuXedi1Hg0+ASt2ljldw==",
            "secondary_blob_connection_string": "",
            "secondary_blob_endpoint": "",
            "secondary_blob_host": "",
            "secondary_blob_internet_endpoint": "",
            "secondary_blob_internet_host": "",
            "secondary_blob_microsoft_endpoint": "",
            "secondary_blob_microsoft_host": "",
            "secondary_connection_string": "DefaultEndpointsProtocol=https;AccountName=raphstorageaccount;AccountKey=SQjsrEOqaFh8nIPRQfIhsKRz913QKs11Y2ys9Bpree+vjv8CAgGm48S7cULuzerDpijuXedi1Hg0+ASt2ljldw==;EndpointSuffix=core.windows.net",
            "secondary_dfs_endpoint": "",
            "secondary_dfs_host": "",
            "secondary_dfs_internet_endpoint": "",
            "secondary_dfs_internet_host": "",
            "secondary_dfs_microsoft_endpoint": "",
            "secondary_dfs_microsoft_host": "",
            "secondary_file_endpoint": "",
            "secondary_file_host": "",
            "secondary_file_internet_endpoint": "",
            "secondary_file_internet_host": "",
            "secondary_file_microsoft_endpoint": "",
            "secondary_file_microsoft_host": "",
            "secondary_location": "germanynorth",
            "secondary_queue_endpoint": "",
            "secondary_queue_host": "",
            "secondary_queue_microsoft_endpoint": "",
            "secondary_queue_microsoft_host": "",
            "secondary_table_endpoint": "",
            "secondary_table_host": "",
            "secondary_table_microsoft_endpoint": "",
            "secondary_table_microsoft_host": "",
            "secondary_web_endpoint": "",
            "secondary_web_host": "",
            "secondary_web_internet_endpoint": "",
            "secondary_web_internet_host": "",
            "secondary_web_microsoft_endpoint": "",
            "secondary_web_microsoft_host": "",
            "sftp_enabled": false,
            "share_properties": [
              {
                "cors_rule": [],
                "retention_policy": [
                  {
                    "days": 7
                  }
                ],
                "smb": []
              }
            ],
            "shared_access_key_enabled": true,
            "static_website": [],
            "table_encryption_key_type": "Service",
            "tags": {
              "environment": "staging"
            },
            "timeouts": null
          },
          "sensitive_attributes": [
            [
              {
                "type": "get_attr",
                "value": "primary_access_key"
              }
            ],
            [
              {
                "type": "get_attr",
                "value": "primary_blob_connection_string"
              }
            ],
            [
              {
                "type": "get_attr",
                "value": "primary_connection_string"
              }
            ],
            [
              {
                "type": "get_attr",
                "value": "secondary_access_key"
              }
            ],
            [
              {
                "type": "get_attr",
                "value": "secondary_blob_connection_string"
              }
            ],
            [
              {
                "type": "get_attr",
                "value": "secondary_connection_string"
              }
            ]
          ],
          "identity_schema_version": 0,
          "identity": {
            "name": "raphstorageaccount",
            "resource_group_name": "terraform-webapp-raph",
            "subscription_id": "e5d7725b-892b-4f4f-99a1-eaad2477ddd4"
          },
          "private": "eyJlMmJmYjczMC1lY2FhLTExZTYtOGY4OC0zNDM2M2JjN2M0YzAiOnsiY3JlYXRlIjozNjAwMDAwMDAwMDAwLCJkZWxldGUiOjM2MDAwMDAwMDAwMDAsInJlYWQiOjMwMDAwMDAwMDAwMCwidXBkYXRlIjozNjAwMDAwMDAwMDAwfSwic2NoZW1hX3ZlcnNpb24iOiI0In0=",
          "dependencies": [
            "azurerm_resource_group.raph-rg-td-webapp"
          ]
        }
      ]
    },
    {
      "mode": "managed",
      "type": "azurerm_storage_container",
      "name": "raph-storage-container",
      "provider": "provider[\"registry.terraform.io/hashicorp/azurerm\"]",
      "instances": [
        {
          "schema_version": 1,
          "attributes": {
            "container_access_type": "private",
            "default_encryption_scope": "$account-encryption-key",
            "encryption_scope_override_enabled": true,
            "has_immutability_policy": false,
            "has_legal_hold": false,
            "id": "/subscriptions/e5d7725b-892b-4f4f-99a1-eaad2477ddd4/resourceGroups/terraform-webapp-raph/providers/Microsoft.Storage/storageAccounts/raphstorageaccount/blobServices/default/containers/content",
            "metadata": {},
            "name": "content",
            "resource_manager_id": "/subscriptions/e5d7725b-892b-4f4f-99a1-eaad2477ddd4/resourceGroups/terraform-webapp-raph/providers/Microsoft.Storage/storageAccounts/raphstorageaccount/blobServices/default/containers/content",
            "storage_account_id": "/subscriptions/e5d7725b-892b-4f4f-99a1-eaad2477ddd4/resourceGroups/terraform-webapp-raph/providers/Microsoft.Storage/storageAccounts/raphstorageaccount",
            "storage_account_name": "",
            "timeouts": null
          },
          "sensitive_attributes": [],
          "identity_schema_version": 0,
          "private": "eyJlMmJmYjczMC1lY2FhLTExZTYtOGY4OC0zNDM2M2JjN2M0YzAiOnsiY3JlYXRlIjoxODAwMDAwMDAwMDAwLCJkZWxldGUiOjE4MDAwMDAwMDAwMDAsInJlYWQiOjMwMDAwMDAwMDAwMCwidXBkYXRlIjoxODAwMDAwMDAwMDAwfSwic2NoZW1hX3ZlcnNpb24iOiIxIn0=",
          "dependencies": [
            "azurerm_resource_group.raph-rg-td-webapp",
            "azurerm_storage_account.raph-storage-account"
          ]
        }
      ]
    },
    {
      "mode": "managed",
      "type": "azurerm_storage_share",
      "name": "raph-storage-share",
      "provider": "provider[\"registry.terraform.io/hashicorp/azurerm\"]",
      "instances": [
        {
          "schema_version": 2,
          "attributes": {
            "access_tier": "TransactionOptimized",
            "acl": [],
            "enabled_protocol": "SMB",
            "id": "/subscriptions/e5d7725b-892b-4f4f-99a1-eaad2477ddd4/resourceGroups/terraform-webapp-raph/providers/Microsoft.Storage/storageAccounts/raphstorageaccount/fileServices/default/shares/sharename",
            "metadata": {},
            "name": "sharename",
            "quota": 50,
            "resource_manager_id": "/subscriptions/e5d7725b-892b-4f4f-99a1-eaad2477ddd4/resourceGroups/terraform-webapp-raph/providers/Microsoft.Storage/storageAccounts/raphstorageaccount/fileServices/default/shares/sharename",
            "storage_account_id": "/subscriptions/e5d7725b-892b-4f4f-99a1-eaad2477ddd4/resourceGroups/terraform-webapp-raph/providers/Microsoft.Storage/storageAccounts/raphstorageaccount",
            "storage_account_name": "",
            "timeouts": null,
            "url": "https://raphstorageaccount.file.core.windows.net/sharename"
          },
          "sensitive_attributes": [],
          "identity_schema_version": 0,
          "private": "eyJlMmJmYjczMC1lY2FhLTExZTYtOGY4OC0zNDM2M2JjN2M0YzAiOnsiY3JlYXRlIjoxODAwMDAwMDAwMDAwLCJkZWxldGUiOjE4MDAwMDAwMDAwMDAsInJlYWQiOjMwMDAwMDAwMDAwMCwidXBkYXRlIjoxODAwMDAwMDAwMDAwfSwic2NoZW1hX3ZlcnNpb24iOiIyIn0=",
          "dependencies": [
            "azurerm_resource_group.raph-rg-td-webapp",
            "azurerm_storage_account.raph-storage-account"
          ]
        }
      ]
    }
  ],
  "check_results": null
}
